
Microsoft Visual Studio Solution File, Format Version 12.00
# Visual Studio Version 17
VisualStudioVersion = 17.11.35312.102
MinimumVisualStudioVersion = 10.0.40219.1
Project("{FAE04EC0-301F-11D3-BF4B-00C04F79EFBC}") = "ReasonableRobins_FinalProject", "ReasonableRobins_FinalProject\ReasonableRobins_FinalProject.csproj", "{E7FEFF63-9C4B-4794-9B8C-6C3698C69D3F}"
EndProject
Global
	GlobalSection(SolutionConfigurationPlatforms) = preSolution
		Debug|Any CPU = Debug|Any CPU
		Release|Any CPU = Release|Any CPU
	EndGlobalSection
	GlobalSection(ProjectConfigurationPlatforms) = postSolution
		{E7FEFF63-9C4B-4794-9B8C-6C3698C69D3F}.Debug|Any CPU.ActiveCfg = Debug|Any CPU
		{E7FEFF63-9C4B-4794-9B8C-6C3698C69D3F}.Debug|Any CPU.Build.0 = Debug|Any CPU
		{E7FEFF63-9C4B-4794-9B8C-6C3698C69D3F}.Release|Any CPU.ActiveCfg = Release|Any CPU
		{E7FEFF63-9C4B-4794-9B8C-6C3698C69D3F}.Release|Any CPU.Build.0 = Release|Any CPU
	EndGlobalSection
	GlobalSection(SolutionProperties) = preSolution
		HideSolutionNode = FALSE
	EndGlobalSection
	GlobalSection(ExtensibilityGlobals) = postSolution
		SolutionGuid = {B51D24BA-1C09-4B14-9D41-A883C0178B8C}
	EndGlobalSection
EndGlobal
